
Microsoft Visual Studio Solution File, Format Version 12.00
# Visual Studio 15
VisualStudioVersion = 15.0.27004.2008
MinimumVisualStudioVersion = 10.0.40219.1
Project("{FAE04EC0-301F-11D3-BF4B-00C04F79EFBC}") = "CherryPicking", "CherryPicking\CherryPicking.csproj", "{48413D74-F0D5-4E78-AB56-ADBC6F20F7A4}"
EndProject
Project("{F2A71F9B-5D33-465A-A702-920D77279786}") = "FSharpPortableLibrary", "FSharpPortableLibrary\FSharpPortableLibrary.fsproj", "{20329014-7300-4B37-9791-4561CD578221}"
EndProject
Global
	GlobalSection(SolutionConfigurationPlatforms) = preSolution
		Debug|Any CPU = Debug|Any CPU
		Release|Any CPU = Release|Any CPU
	EndGlobalSection
	GlobalSection(ProjectConfigurationPlatforms) = postSolution
		{48413D74-F0D5-4E78-AB56-ADBC6F20F7A4}.Debug|Any CPU.ActiveCfg = Debug|Any CPU
		{48413D74-F0D5-4E78-AB56-ADBC6F20F7A4}.Debug|Any CPU.Build.0 = Debug|Any CPU
		{48413D74-F0D5-4E78-AB56-ADBC6F20F7A4}.Release|Any CPU.ActiveCfg = Release|Any CPU
		{48413D74-F0D5-4E78-AB56-ADBC6F20F7A4}.Release|Any CPU.Build.0 = Release|Any CPU
		{20329014-7300-4B37-9791-4561CD578221}.Debug|Any CPU.ActiveCfg = Debug|Any CPU
		{20329014-7300-4B37-9791-4561CD578221}.Debug|Any CPU.Build.0 = Debug|Any CPU
		{20329014-7300-4B37-9791-4561CD578221}.Release|Any CPU.ActiveCfg = Release|Any CPU
		{20329014-7300-4B37-9791-4561CD578221}.Release|Any CPU.Build.0 = Release|Any CPU
	EndGlobalSection
	GlobalSection(SolutionProperties) = preSolution
		HideSolutionNode = FALSE
	EndGlobalSection
	GlobalSection(ExtensibilityGlobals) = postSolution
		SolutionGuid = {2B46BA66-6D98-44EA-8FEE-104D4E9A39A9}
	EndGlobalSection
EndGlobal
